
Microsoft Visual Studio Solution File, Format Version 12.00
# Visual Studio Version 17
VisualStudioVersion = 17.0.31903.59
MinimumVisualStudioVersion = 10.0.40219.1
Project("{FAE04EC0-301F-11D3-BF4B-00C04F79EFBC}") = "CrudUsingReact", "CrudUsingReact\CrudUsingReact.csproj", "{3CFBEDBA-E93A-4B00-85B3-2FD752C4A128}"
EndProject
Global
	GlobalSection(SolutionConfigurationPlatforms) = preSolution
		Debug|Any CPU = Debug|Any CPU
		Release|Any CPU = Release|Any CPU
	EndGlobalSection
	GlobalSection(ProjectConfigurationPlatforms) = postSolution
		{3CFBEDBA-E93A-4B00-85B3-2FD752C4A128}.Debug|Any CPU.ActiveCfg = Debug|Any CPU
		{3CFBEDBA-E93A-4B00-85B3-2FD752C4A128}.Debug|Any CPU.Build.0 = Debug|Any CPU
		{3CFBEDBA-E93A-4B00-85B3-2FD752C4A128}.Release|Any CPU.ActiveCfg = Release|Any CPU
		{3CFBEDBA-E93A-4B00-85B3-2FD752C4A128}.Release|Any CPU.Build.0 = Release|Any CPU
	EndGlobalSection
	GlobalSection(SolutionProperties) = preSolution
		HideSolutionNode = FALSE
	EndGlobalSection
	GlobalSection(ExtensibilityGlobals) = postSolution
		SolutionGuid = {B8DEDDC1-8E7F-4D76-B505-45C5901FC942}
	EndGlobalSection
EndGlobal
